
Microsoft Visual Studio Solution File, Format Version 12.00
# Visual Studio Version 16
VisualStudioVersion = 16.0.29728.190
MinimumVisualStudioVersion = 10.0.40219.1
Project("{FAE04EC0-301F-11D3-BF4B-00C04F79EFBC}") = "WinFormCayleyTree", "WinFormCayleyTree.csproj", "{46A176CA-8244-4311-84D3-EB4034133A25}"
EndProject
Global
	GlobalSection(SolutionConfigurationPlatforms) = preSolution
		Debug|Any CPU = Debug|Any CPU
		Release|Any CPU = Release|Any CPU
	EndGlobalSection
	GlobalSection(ProjectConfigurationPlatforms) = postSolution
		{46A176CA-8244-4311-84D3-EB4034133A25}.Debug|Any CPU.ActiveCfg = Debug|Any CPU
		{46A176CA-8244-4311-84D3-EB4034133A25}.Debug|Any CPU.Build.0 = Debug|Any CPU
		{46A176CA-8244-4311-84D3-EB4034133A25}.Release|Any CPU.ActiveCfg = Release|Any CPU
		{46A176CA-8244-4311-84D3-EB4034133A25}.Release|Any CPU.Build.0 = Release|Any CPU
	EndGlobalSection
	GlobalSection(SolutionProperties) = preSolution
		HideSolutionNode = FALSE
	EndGlobalSection
	GlobalSection(ExtensibilityGlobals) = postSolution
		SolutionGuid = {C2157918-A812-4CAC-975E-EBD13FA9AD97}
	EndGlobalSection
EndGlobal
