
Microsoft Visual Studio Solution File, Format Version 12.00
# Visual Studio Version 16
VisualStudioVersion = 16.0.29728.190
MinimumVisualStudioVersion = 10.0.40219.1
Project("{FAE04EC0-301F-11D3-BF4B-00C04F79EFBC}") = "GenericList", "GenericList.csproj", "{F5B96EB8-38FD-4CCA-9A61-33AD85976CCB}"
EndProject
Global
	GlobalSection(SolutionConfigurationPlatforms) = preSolution
		Debug|x86 = Debug|x86
		Release|x86 = Release|x86
	EndGlobalSection
	GlobalSection(ProjectConfigurationPlatforms) = postSolution
		{F5B96EB8-38FD-4CCA-9A61-33AD85976CCB}.Debug|x86.ActiveCfg = Debug|x86
		{F5B96EB8-38FD-4CCA-9A61-33AD85976CCB}.Debug|x86.Build.0 = Debug|x86
		{F5B96EB8-38FD-4CCA-9A61-33AD85976CCB}.Release|x86.ActiveCfg = Release|x86
		{F5B96EB8-38FD-4CCA-9A61-33AD85976CCB}.Release|x86.Build.0 = Release|x86
	EndGlobalSection
	GlobalSection(SolutionProperties) = preSolution
		HideSolutionNode = FALSE
	EndGlobalSection
	GlobalSection(ExtensibilityGlobals) = postSolution
		SolutionGuid = {51132722-3014-497E-95A2-0BFE3C0DB83E}
	EndGlobalSection
EndGlobal
